
Microsoft Visual Studio Solution File, Format Version 12.00
# Visual Studio 15
VisualStudioVersion = 15.0.28307.852
MinimumVisualStudioVersion = 10.0.40219.1
Project("{F184B08F-C81C-45F6-A57F-5ABD9991F28F}") = "MTToolsVB", "MTToolsVB\MTToolsVB.vbproj", "{C28C2688-A80D-40F9-B46A-FA266955FBE0}"
EndProject
Global
	GlobalSection(SolutionConfigurationPlatforms) = preSolution
		Debug|Any CPU = Debug|Any CPU
		Release|Any CPU = Release|Any CPU
	EndGlobalSection
	GlobalSection(ProjectConfigurationPlatforms) = postSolution
		{C28C2688-A80D-40F9-B46A-FA266955FBE0}.Debug|Any CPU.ActiveCfg = Debug|Any CPU
		{C28C2688-A80D-40F9-B46A-FA266955FBE0}.Debug|Any CPU.Build.0 = Debug|Any CPU
		{C28C2688-A80D-40F9-B46A-FA266955FBE0}.Release|Any CPU.ActiveCfg = Release|Any CPU
		{C28C2688-A80D-40F9-B46A-FA266955FBE0}.Release|Any CPU.Build.0 = Release|Any CPU
	EndGlobalSection
	GlobalSection(SolutionProperties) = preSolution
		HideSolutionNode = FALSE
	EndGlobalSection
	GlobalSection(ExtensibilityGlobals) = postSolution
		SolutionGuid = {994FF261-B0EB-4137-94F4-8FBB113A5D59}
	EndGlobalSection
EndGlobal
